{
  "version": "v0.8.0",
  "synced_at": "2026-06-22T21:06:16.594711+00:00",
  "source": "github:Juniper-SSN/ai-keel@v0.8.0",
  "sha": "55c0553c8f2932c5a0d1d1da8d97a60bf2b843c92b0ad4f2e0e2fa9a3f85093d",
  "agents": [
    "copilot",
    "claude"
  ],
  "resources_deployed": [
    ".resources/check-drift.py",
    ".resources/agents/specwip.analyze.md",
    ".resources/agents/designer.md",
    ".resources/agents/specwip.plan.md",
    ".resources/agents/specwip.tasks.md",
    ".resources/agents/security-review-agent.md",
    ".resources/agents/specwip.specify.md",
    ".resources/agents/specwip.implement.md",
    ".resources/agents/planning-agent.md",
    ".resources/agents/specwip.clarify.md",
    ".resources/shared/code-review-core.md",
    ".resources/shared/platform-delivery-mapping.md",
    ".resources/shared/caveman-always-on.md",
    ".resources/shared/agentic-architecture-guide.md",
    ".resources/schemas/agent-manifest.schema.json",
    ".resources/prompts/repo-architecture-review.md",
    ".resources/prompts/resolve-pr-comments.md",
    ".resources/skills/security-review.md",
    ".resources/skills/caveman-commit.md",
    ".resources/skills/code-review-agentic-artifacts.md",
    ".resources/skills/code-review.md",
    ".resources/skills/code-review-jenkins-groovy.md",
    ".github/instructions/code-review-html.instructions.md",
    ".github/instructions/code-review-robot.instructions.md",
    ".github/instructions/code-review.instructions.md",
    ".github/instructions/code-review-python.instructions.md",
    ".github/instructions/code-review-typescript.instructions.md",
    ".github/instructions/code-review-jenkins-groovy.instructions.md",
    ".github/instructions/code-review-javascript.instructions.md",
    ".github/instructions/code-review-agentic-artifacts.instructions.md",
    ".github/agents/ai-keel.specwip.plan.agent.md",
    ".github/agents/planner.agent.md",
    ".github/agents/specwip.clarify.agent.md",
    ".github/agents/ai-keel.specwip.implement.agent.md",
    ".github/agents/ai-keel.specwip.clarify.agent.md",
    ".github/agents/ai-keel.specwip.specify.agent.md",
    ".github/agents/ai-keel.specwip.analyze.agent.md",
    ".github/agents/specwip.tasks.agent.md",
    ".github/agents/specwip.implement.agent.md",
    ".github/agents/specwip.specify.agent.md",
    ".github/agents/ai-keel.specwip.tasks.agent.md",
    ".github/agents/designer.agent.md",
    ".github/agents/specwip.analyze.agent.md",
    ".github/agents/specwip.plan.agent.md",
    ".github/prompts/repo-architecture-review.prompt.md",
    ".github/mcp-servers/jira.json",
    ".github/skills/caveman/SKILL.md",
    "mcp-servers/jira.json",
    ".claude/commands/ai-keel.specwip.clarify.md",
    ".claude/commands/specwip.analyze.md",
    ".claude/commands/ai-keel.specwip.plan.md",
    ".claude/commands/ai-keel.specwip.specify.md",
    ".claude/commands/specwip.plan.md",
    ".claude/commands/specwip.tasks.md",
    ".claude/commands/ai-keel.specwip.tasks.md",
    ".claude/commands/specwip.specify.md",
    ".claude/commands/specwip.implement.md",
    ".claude/commands/specwip.clarify.md",
    ".claude/commands/ai-keel.specwip.analyze.md",
    ".claude/commands/ai-keel.specwip.implement.md",
    ".claude/skills/specwip.specify/SKILL.md",
    ".claude/skills/ai-keel.specwip.specify/SKILL.md",
    ".claude/skills/ai-keel.specwip.implement/SKILL.md",
    ".claude/skills/specwip.implement/SKILL.md",
    ".claude/skills/specwip.tasks/SKILL.md",
    ".claude/skills/ai-keel.specwip.analyze/SKILL.md",
    ".claude/skills/specwip.analyze/SKILL.md",
    ".claude/skills/ai-keel.specwip.tasks/SKILL.md",
    ".claude/skills/specwip.plan/SKILL.md",
    ".claude/skills/specwip.clarify/SKILL.md",
    ".claude/skills/ai-keel.specwip.clarify/SKILL.md",
    ".claude/skills/planning-agent/SKILL.md",
    ".claude/skills/ai-keel.specwip.plan/SKILL.md",
    "CLAUDE.md",
    ".github/copilot-instructions.md"
  ],
  "artifact_checksums": {
    ".resources/check-drift.py": "8fd432bc5cc01bf62003749e0456a095c4756a652cb307a9af143f36387128cd",
    ".resources/agents/specwip.analyze.md": "73bdbb0410250bc150f4c965b0f7f7facdc79b4de4d90216f9e19e450fd9b047",
    ".resources/agents/designer.md": "d2c086b82254e0405001d729442f1c771b61392e46a13a7582b0e96c5003c708",
    ".resources/agents/specwip.plan.md": "4685816fdaecd7021dd88875399ad55882215a8b495d00b80e941ca66993a41a",
    ".resources/agents/specwip.tasks.md": "73b5933fe52f006f9111086ed2018432fed05faaa045324fdd925d51cbc70af3",
    ".resources/agents/security-review-agent.md": "7eff9f661c6f3dde764b2e6a39178ed29dfcb53dc32ed9c285cbfe4e31a578ca",
    ".resources/agents/specwip.specify.md": "f2044783291893c8c89aba9f461b7334754a9e8cf51272f83c87ead0737907ca",
    ".resources/agents/specwip.implement.md": "39fd9be13123c7456e4e18fb0cf1dba0f1442e8c2b376d008ccf2947c2a06cd7",
    ".resources/agents/planning-agent.md": "5206212a796e9d585eca5219b944681931e944986daddf9827c698200785e70d",
    ".resources/agents/specwip.clarify.md": "e8e9a64ef71d3731c2d939939bdb62e4b59789b116b9e56693d0ad3f339e28c4",
    ".resources/shared/code-review-core.md": "8ba5fd1c99e769d0e4b54feba77a2fb22b2eb991257faa93e3be7f6efd7a40b4",
    ".resources/shared/platform-delivery-mapping.md": "91a6f0cbe8ba7e56a49cf87ef5c8fa85bad895442769d61b6edede175b888f92",
    ".resources/shared/caveman-always-on.md": "e94a4a408d72a9145883244f6ce65cc47875ddc617f7ddee37554399be399479",
    ".resources/shared/agentic-architecture-guide.md": "ac2d1f3c648a43a4d95680012ae7e5603fe8fe5b855a13d2f51c165627b7c9b6",
    ".resources/schemas/agent-manifest.schema.json": "211d35f3f19fe44dd75fa15b632fb1461733483126073c85545f0811b0fed4f8",
    ".resources/prompts/repo-architecture-review.md": "2d5ac203080bb5d1ad7248c629b28799f8b8814892a96dbaa3e47cbb8b4aadc3",
    ".resources/prompts/resolve-pr-comments.md": "78f5ba51521f765224bf82483e50baf8f56e35998dd1a63f484f2998418dfb8c",
    ".resources/skills/security-review.md": "448783b5746ee3301db698a43f74d05badd9a5d03660adc99a144e58a472cb60",
    ".resources/skills/caveman-commit.md": "2a29cf5edcef21714759bc7df3cb0163781ba0db0077a9a8fa4dd934b2422ec1",
    ".resources/skills/code-review-agentic-artifacts.md": "8737d028980f5b2d3f41be4da8212b138917f4ec887ea0bd99e1530efeac8a48",
    ".resources/skills/code-review.md": "80c2792646128b16daa23dbd18aef9e948facb4f5d306251f33e06b64bbc7e3e",
    ".resources/skills/code-review-jenkins-groovy.md": "d96b029d6f7b514750811f714c446ac32f5da9d2a6fdedf1bdd494999bab880b",
    ".github/instructions/code-review-html.instructions.md": "cb0d8482f3b40b1380b90c69d952e84912d4b6a5b3d2a8a10652a175984fda0a",
    ".github/instructions/code-review-robot.instructions.md": "45d6cd64bdc76d7e4f7788c1beb2808a5dc08216faa5500c21393cb6630dd1b7",
    ".github/instructions/code-review.instructions.md": "a15498e391894774ce2798aff326c776a32361216cc3a1a48d8b2c97e8a98d8c",
    ".github/instructions/code-review-python.instructions.md": "e6bb218d8d3c82778d02ace68c394f31e9c3f87a79496dfcad9756c1819415d0",
    ".github/instructions/code-review-typescript.instructions.md": "b90b8cde4ac5fb1a5b0c5e02b56958d517ac945c2e9d0758217fd26c995c8c36",
    ".github/instructions/code-review-jenkins-groovy.instructions.md": "2356ef8e04357a2e0aa4f100fe69d790a274e7424ae8f0bb542ee4fcfa8bce87",
    ".github/instructions/code-review-javascript.instructions.md": "9bc8ba0aa22c32a4388b4fcf11ea0102aa0e23fe605aba04403fd3419438d3fa",
    ".github/instructions/code-review-agentic-artifacts.instructions.md": "9652b0c5e87b3a98061822d76a183b0790bd48869edb8a8f25f8f29280d90841",
    ".github/agents/ai-keel.specwip.plan.agent.md": "56aefec08cca85c3ba90d136cdd040a68961da397b7741503d9890b44e13ea93",
    ".github/agents/planner.agent.md": "8bc3b1e4d06a8acc9c7eae7a868e582a3126fe12359cd3f9f806cc25495904f5",
    ".github/agents/specwip.clarify.agent.md": "4dddf030618846e9adce0a68741aa98c5fbf4923b822cb3b39e0988d53c889a5",
    ".github/agents/ai-keel.specwip.implement.agent.md": "f05dcdea45056f7891565bc7175326624b52c53dc7bfec87a98c476cb24a3576",
    ".github/agents/ai-keel.specwip.clarify.agent.md": "d6f3036dfceb8bc289ea0e4c6ab508d7e3453867b0ef23b026fc2ecaa716ce2c",
    ".github/agents/ai-keel.specwip.specify.agent.md": "b5f07cdcab1da931b68506d9d2c991da870dc8731b0c89c169611a81b8a38564",
    ".github/agents/ai-keel.specwip.analyze.agent.md": "047d70ddd630912fe997f95db341d1fda300525fdac00d94697b47bee91831ba",
    ".github/agents/specwip.tasks.agent.md": "4fd9c997db1c83c4703b6ef1d4510d623e6889fb8af178226f40b347b59cb958",
    ".github/agents/specwip.implement.agent.md": "2e1d938eac42e6d6a861f9b5e38566686707622acf7a02b67f9f72e753c87f03",
    ".github/agents/specwip.specify.agent.md": "7bee2a4a86f4c314da8b320bf6fa87de5b8482b33df87ef7144eb2e54bba1e30",
    ".github/agents/ai-keel.specwip.tasks.agent.md": "ec65bf9da4e7ed0026de6f6da1871bebfd8a3e5b38da562081cfec985c98b741",
    ".github/agents/designer.agent.md": "84963cd955b36b80724e9a6828e092b495b8ef1c2c0128135f3954ec384fb5a5",
    ".github/agents/specwip.analyze.agent.md": "a0a9d0decfeb458b6a5f49ad5e9556f731754fd1b04d3de57bc777351ef1219b",
    ".github/agents/specwip.plan.agent.md": "7016541846b40b9788a8451bbe228083733abf1e7bc33aadf8c885588e3271fb",
    ".github/prompts/repo-architecture-review.prompt.md": "f4f9fd9a12f355c609e6b21a3f2eda4cbc18b88313a5db2e3c482c54d7246dea",
    ".github/mcp-servers/jira.json": "0911b5299ec09d7688898e198ad6308fd0f201f91cf331ada084be7f792ea8bc",
    ".github/skills/caveman/SKILL.md": "69157720767a82cc06fbcea762f0f53f973e6098f7433a6d1bfd1b371208ab01",
    "mcp-servers/jira.json": "74cc3572229f008102579dbc0ba99890b7fbc6f5b1ec671afc6d12f1c2c27886",
    ".claude/commands/ai-keel.specwip.clarify.md": "64f776b0de9771c2c1e780f648d989bda3200cb19b6b0d6062b10c7949fc2fc2",
    ".claude/commands/specwip.analyze.md": "273f2f41f58e60e26fe2126f7c0de3f6e6ec8a6066b4deac88e7a8c36b02c5f9",
    ".claude/commands/ai-keel.specwip.plan.md": "a8074fdd628de2e76497e8e5a102b92715bd3c953dd042b51e7bc9d5583c5784",
    ".claude/commands/ai-keel.specwip.specify.md": "f85a2246dd5c36f71ea531646f29015315858f37962243461b304e226a0a1bad",
    ".claude/commands/specwip.plan.md": "a8074fdd628de2e76497e8e5a102b92715bd3c953dd042b51e7bc9d5583c5784",
    ".claude/commands/specwip.tasks.md": "2818431ab2f93ae802af0bf9a585f2c8d6a1df8a332d1a05745286e59d2b058c",
    ".claude/commands/ai-keel.specwip.tasks.md": "2818431ab2f93ae802af0bf9a585f2c8d6a1df8a332d1a05745286e59d2b058c",
    ".claude/commands/specwip.specify.md": "f85a2246dd5c36f71ea531646f29015315858f37962243461b304e226a0a1bad",
    ".claude/commands/specwip.implement.md": "7c2b30291d87148eac0c5da99d2d6a64f37cf1b76d86614f27f9ac582b266f5f",
    ".claude/commands/specwip.clarify.md": "64f776b0de9771c2c1e780f648d989bda3200cb19b6b0d6062b10c7949fc2fc2",
    ".claude/commands/ai-keel.specwip.analyze.md": "273f2f41f58e60e26fe2126f7c0de3f6e6ec8a6066b4deac88e7a8c36b02c5f9",
    ".claude/commands/ai-keel.specwip.implement.md": "7c2b30291d87148eac0c5da99d2d6a64f37cf1b76d86614f27f9ac582b266f5f",
    ".claude/skills/specwip.specify/SKILL.md": "3b44588344af04a9a2852d375be9447ee251433d413f1b48a0eae0e98e0e3748",
    ".claude/skills/ai-keel.specwip.specify/SKILL.md": "370c91c29b45a6c449a7243bc3adc1975bb53856eda4e5986271cc9ad3b80c93",
    ".claude/skills/ai-keel.specwip.implement/SKILL.md": "1801fc69db831b47132a7bd32ba3f15827bcaa1838b0446ca8d645288d19e249",
    ".claude/skills/specwip.implement/SKILL.md": "d69191557270500500f699e096d348019674fe517b4aac216e67532440735763",
    ".claude/skills/specwip.tasks/SKILL.md": "bdd0b5f7e0b8d29f825cb8da8371a4ce0a3098b5b888b7e748907f271d5a15c0",
    ".claude/skills/ai-keel.specwip.analyze/SKILL.md": "dd61e9269b70e5239813918789a101b2c6471c1c3c273be21334f4fa4bbb66d7",
    ".claude/skills/specwip.analyze/SKILL.md": "bdb5fada5649a5aa0a914d7f101360db4b3524de883e67b7926847c9cdb2e9dd",
    ".claude/skills/ai-keel.specwip.tasks/SKILL.md": "03c634eccd7c041fe070d14bc12f7990567fe706d65c3228fe9d5463bbdeb9ea",
    ".claude/skills/specwip.plan/SKILL.md": "8b81bbebc47bb89edc326117628b0172456293c560979dc8cd9655a098473686",
    ".claude/skills/specwip.clarify/SKILL.md": "0c0786a066b7e4a181a0fc3308eba687085ddc425574b8adf955e9b15a7f8cc5",
    ".claude/skills/ai-keel.specwip.clarify/SKILL.md": "4213a77c2ab50655e4203826449ab9dda58fb5043cd883dd7ca89311261b1fd1",
    ".claude/skills/planning-agent/SKILL.md": "482252dd6092ce18d8095e1db4b058ae229ce77252f386494356e81ca5fb23c2",
    ".claude/skills/ai-keel.specwip.plan/SKILL.md": "c8b3eae921135c36f4b35ed55848222b02e0e18c25fbee5d654f11e643e24747",
    "CLAUDE.md": "3f3aa0e2693458d9ec2e502ac047c7d2f89d127ccfccee7480960c7b8fc371ab",
    ".github/copilot-instructions.md": "29114e405be76a330884e214529a1261180d43de9f15013f35e50110648b8fe8"
  }
}
